github.com/augmentable-dev/vtab v0.0.0-20210818144031-5c7659b723dd h1:uX6G/fS/0v7P6SYqkQPe56lKD2XaniSZJIHMv/ZeT04=
github.com/augmentable-dev/vtab v0.0.0-20210818144031-5c7659b723dd/go.mod h1:nW8zI//bDNKyXrKJgzdezNl3XzWYsBHm3JBaxB/ZTSU=
github.com/mattn/go-pointer v0.0.1 h1:n+XhsuGeVO6MEAp7xyEukFINEa+Quek5psIR/ylA6o0=
github.com/mattn/go-pointer v0.0.1/go.mod h1:2zXcozF6qYGgmsG+SeTZz3oAbFLdD3OWqnUbNvJZAlc=
github.com/mattn/go-sqlite3 v1.14.6 h1:dNPt6NO46WmLVt2DLNpwczCmdV5boIZ6g/tlDrlRUbg=
github.com/mattn/go-sqlite3 v1.14.6/go.mod h1:NyWgC/yNuGj7Q9rpYnZvas74GogHl5/Z4A/KQRfk6bU=
